
Microsoft Visual Studio Solution File, Format Version 12.00
# Visual Studio Version 17
VisualStudioVersion = 17.1.31911.260
MinimumVisualStudioVersion = 10.0.40219.1
Project("{FAE04EC0-301F-11D3-BF4B-00C04F79EFBC}") = "MudMap.Server", "MudMap\Server\MudMap.Server.csproj", "{F414DC2A-F7C2-4CE0-AE0C-67606772FC3E}"
EndProject
Project("{FAE04EC0-301F-11D3-BF4B-00C04F79EFBC}") = "MudMap.Client", "MudMap\Client\MudMap.Client.csproj", "{D4432D16-2A23-48AD-AC03-C0F81E728D56}"
EndProject
Project("{FAE04EC0-301F-11D3-BF4B-00C04F79EFBC}") = "MudMap.Shared", "MudMap\Shared\MudMap.Shared.csproj", "{68EF9CD6-E5AB-439F-87B5-8E608A0954DC}"
EndProject
Global
	GlobalSection(SolutionConfigurationPlatforms) = preSolution
		Debug|Any CPU = Debug|Any CPU
		Release|Any CPU = Release|Any CPU
	EndGlobalSection
	GlobalSection(ProjectConfigurationPlatforms) = postSolution
		{F414DC2A-F7C2-4CE0-AE0C-67606772FC3E}.Debug|Any CPU.ActiveCfg = Debug|Any CPU
		{F414DC2A-F7C2-4CE0-AE0C-67606772FC3E}.Debug|Any CPU.Build.0 = Debug|Any CPU
		{F414DC2A-F7C2-4CE0-AE0C-67606772FC3E}.Release|Any CPU.ActiveCfg = Release|Any CPU
		{F414DC2A-F7C2-4CE0-AE0C-67606772FC3E}.Release|Any CPU.Build.0 = Release|Any CPU
		{D4432D16-2A23-48AD-AC03-C0F81E728D56}.Debug|Any CPU.ActiveCfg = Debug|Any CPU
		{D4432D16-2A23-48AD-AC03-C0F81E728D56}.Debug|Any CPU.Build.0 = Debug|Any CPU
		{D4432D16-2A23-48AD-AC03-C0F81E728D56}.Release|Any CPU.ActiveCfg = Release|Any CPU
		{D4432D16-2A23-48AD-AC03-C0F81E728D56}.Release|Any CPU.Build.0 = Release|Any CPU
		{68EF9CD6-E5AB-439F-87B5-8E608A0954DC}.Debug|Any CPU.ActiveCfg = Debug|Any CPU
		{68EF9CD6-E5AB-439F-87B5-8E608A0954DC}.Debug|Any CPU.Build.0 = Debug|Any CPU
		{68EF9CD6-E5AB-439F-87B5-8E608A0954DC}.Release|Any CPU.ActiveCfg = Release|Any CPU
		{68EF9CD6-E5AB-439F-87B5-8E608A0954DC}.Release|Any CPU.Build.0 = Release|Any CPU
	EndGlobalSection
	GlobalSection(SolutionProperties) = preSolution
		HideSolutionNode = FALSE
	EndGlobalSection
	GlobalSection(ExtensibilityGlobals) = postSolution
		SolutionGuid = {720F9546-2C86-4E1C-BA37-80910E745E03}
	EndGlobalSection
EndGlobal
